github.com/CaiJimmy/hugo-theme-stack/v3 v3.18.0 h1:0Jx4CuBGXRttHVHRSIZoVduwIisvCdsmKeoJpfPqbhk=
github.com/CaiJimmy/hugo-theme-stack/v3 v3.18.0/go.mod h1:IPmCXiIxlFSLFYS0tOmYP6ySLviyeNVSabyvSuaxD+I=
github.com/nunocoracao/blowfish/v2 v2.66.0 h1:ojg+QA8Q3QdcdqeTz5pF/+LhfOYO29UJ1EGXITa40Ro=
github.com/nunocoracao/blowfish/v2 v2.66.0/go.mod h1:4SkMc+Ht8gpQCwArqiHMBDP3soxi2OWuAhVney+cuyk=
